github.com/NublyBR/go-vpk v0.0.0-20240228030726-b1042e92ce58 h1:LNmGUHSpLUw3wQBEW0WxNonE6FfLklJlAodQ439LNoc=
github.com/NublyBR/go-vpk v0.0.0-20240228030726-b1042e92ce58/go.mod h1:bKkLG1OoSAlGpkY/NvnavzvV+xIpQDn4rTggf/jkDwQ=
github.com/luckcolors/lzma v0.0.0-20171228161409-10a19aa3c6eb h1:rULnY96+TwVggNGq8Zxgg6OSAcPDNSaMAI+CnYmRnV4=
github.com/luckcolors/lzma v0.0.0-20171228161409-10a19aa3c6eb/go.mod h1:AdNuT2RnWNpLlvXIGbEDq/JegDJTnqzxpnDNxa7HFkE=
