github.com/NublyBR/go-vpk v0.0.0-20240228030726-b1042e92ce58 h1:LNmGUHSpLUw3wQBEW0WxNonE6FfLklJlAodQ439LNoc=
github.com/NublyBR/go-vpk v0.0.0-20240228030726-b1042e92ce58/go.mod h1:bKkLG1OoSAlGpkY/NvnavzvV+xIpQDn4rTggf/jkDwQ=
github.com/ulikunitz/xz v0.5.12 h1:37Nm15o69RwBkXM0J6A5OlE67RZTfzUxTj8fB3dfcsc=
github.com/ulikunitz/xz v0.5.12/go.mod h1:nbz6k7qbPmH4IRqmfOplQw/tblSgqTqBwxkY0oWt/14=
